
Microsoft Visual Studio Solution File, Format Version 12.00
# Visual Studio Version 17
VisualStudioVersion = 17.13.35828.75 d17.13
MinimumVisualStudioVersion = 10.0.40219.1
Project("{FAE04EC0-301F-11D3-BF4B-00C04F79EFBC}") = "Atelie.Web", "Atelie.Web\Atelie.Web.csproj", "{90CEBA26-D4C5-43AD-908A-59AC014755F6}"
EndProject
Project("{FAE04EC0-301F-11D3-BF4B-00C04F79EFBC}") = "Atelie.Core", "Atelie.Core\Atelie.Core.csproj", "{0FD2D14A-C5FD-4BAD-B2D2-A45B341CA303}"
EndProject
Project("{FAE04EC0-301F-11D3-BF4B-00C04F79EFBC}") = "Atelie.Domain", "Atelie.Domain\Atelie.Domain.csproj", "{8F3AA19C-891D-4B60-ABC6-88B886CB9A1E}"
EndProject
Project("{FAE04EC0-301F-11D3-BF4B-00C04F79EFBC}") = "Atelie.Infrastructure", "Atelie.Infrastructure\Atelie.Infrastructure.csproj", "{D0301FF0-9599-469E-A689-894CB8B5A079}"
EndProject
Global
	GlobalSection(SolutionConfigurationPlatforms) = preSolution
		Debug|Any CPU = Debug|Any CPU
		Release|Any CPU = Release|Any CPU
	EndGlobalSection
	GlobalSection(ProjectConfigurationPlatforms) = postSolution
		{90CEBA26-D4C5-43AD-908A-59AC014755F6}.Debug|Any CPU.ActiveCfg = Debug|Any CPU
		{90CEBA26-D4C5-43AD-908A-59AC014755F6}.Debug|Any CPU.Build.0 = Debug|Any CPU
		{90CEBA26-D4C5-43AD-908A-59AC014755F6}.Release|Any CPU.ActiveCfg = Release|Any CPU
		{90CEBA26-D4C5-43AD-908A-59AC014755F6}.Release|Any CPU.Build.0 = Release|Any CPU
		{0FD2D14A-C5FD-4BAD-B2D2-A45B341CA303}.Debug|Any CPU.ActiveCfg = Debug|Any CPU
		{0FD2D14A-C5FD-4BAD-B2D2-A45B341CA303}.Debug|Any CPU.Build.0 = Debug|Any CPU
		{0FD2D14A-C5FD-4BAD-B2D2-A45B341CA303}.Release|Any CPU.ActiveCfg = Release|Any CPU
		{0FD2D14A-C5FD-4BAD-B2D2-A45B341CA303}.Release|Any CPU.Build.0 = Release|Any CPU
		{8F3AA19C-891D-4B60-ABC6-88B886CB9A1E}.Debug|Any CPU.ActiveCfg = Debug|Any CPU
		{8F3AA19C-891D-4B60-ABC6-88B886CB9A1E}.Debug|Any CPU.Build.0 = Debug|Any CPU
		{8F3AA19C-891D-4B60-ABC6-88B886CB9A1E}.Release|Any CPU.ActiveCfg = Release|Any CPU
		{8F3AA19C-891D-4B60-ABC6-88B886CB9A1E}.Release|Any CPU.Build.0 = Release|Any CPU
		{D0301FF0-9599-469E-A689-894CB8B5A079}.Debug|Any CPU.ActiveCfg = Debug|Any CPU
		{D0301FF0-9599-469E-A689-894CB8B5A079}.Debug|Any CPU.Build.0 = Debug|Any CPU
		{D0301FF0-9599-469E-A689-894CB8B5A079}.Release|Any CPU.ActiveCfg = Release|Any CPU
		{D0301FF0-9599-469E-A689-894CB8B5A079}.Release|Any CPU.Build.0 = Release|Any CPU
	EndGlobalSection
	GlobalSection(SolutionProperties) = preSolution
		HideSolutionNode = FALSE
	EndGlobalSection
	GlobalSection(ExtensibilityGlobals) = postSolution
		SolutionGuid = {357D7149-599D-43C3-A451-52D56A185A65}
	EndGlobalSection
EndGlobal
